// !$*UTF8*$!
{
	archiveVersion = 1;
	classes = {
	};
	objectVersion = 56;
	objects = {

/* Begin PBXBuildFile section */
		DDB468CC2BED643E00F061D3 /* Tickers2_0App.swift in Sources */ = {isa = PBXBuildFile; fileRef = DDB468CB2BED643E00F061D3 /* Tickers2_0App.swift */; };
		DDB468CE2BED643E00F061D3 /* ContentView.swift in Sources */ = {isa = PBXBuildFile; fileRef = DDB468CD2BED643E00F061D3 /* ContentView.swift */; };
		DDB468D22BED644000F061D3 /* Assets.xcassets in Resources */ = {isa = PBXBuildFile; fileRef = DDB468D12BED644000F061D3 /* Assets.xcassets */; };
		DDB468D62BED644000F061D3 /* Preview Assets.xcassets in Resources */ = {isa = PBXBuildFile; fileRef = DDB468D52BED644000F061D3 /* Preview Assets.xcassets */; };
		DDB468E02BED644000F061D3 /* Tickers2_0Tests.swift in Sources */ = {isa = PBXBuildFile; fileRef = DDB468DF2BED644000F061D3 /* Tickers2_0Tests.swift */; };
		DDB468EA2BED644000F061D3 /* Tickers2_0UITests.swift in Sources */ = {isa = PBXBuildFile; fileRef = DDB468E92BED644000F061D3 /* Tickers2_0UITests.swift */; };
		DDB468EC2BED644000F061D3 /* Tickers2_0UITestsLaunchTests.swift in Sources */ = {isa = PBXBuildFile; fileRef = DDB468EB2BED644000F061D3 /* Tickers2_0UITestsLaunchTests.swift */; };
/* End PBXBuildFile section */

/* Begin PBXContainerItemProxy section */
		DDB468DC2BED644000F061D3 /* PBXContainerItemProxy */ = {
			isa = PBXContainerItemProxy;
			containerPortal = DDB468C02BED643E00F061D3 /* Project object */;
			proxyType = 1;
			remoteGlobalIDString = DDB468C72BED643E00F061D3;
			remoteInfo = Tickers2.0;
		};
		DDB468E62BED644000F061D3 /* PBXContainerItemProxy */ = {
			isa = PBXContainerItemProxy;
			containerPortal = DDB468C02BED643E00F061D3 /* Project object */;
			proxyType = 1;
			remoteGlobalIDString = DDB468C72BED643E00F061D3;
			remoteInfo = Tickers2.0;
		};
/* End PBXContainerItemProxy section */

/* Begin PBXFileReference section */
		DDB468C82BED643E00F061D3 /* Tickers2.0.app */ = {isa = PBXFileReference; explicitFileType = wrapper.application; includeInIndex = 0; path = Tickers2.0.app; sourceTree = BUILT_PRODUCTS_DIR; };
		DDB468CB2BED643E00F061D3 /* Tickers2_0App.swift */ = {isa = PBXFileReference; lastKnownFileType = sourcecode.swift; path = Tickers2_0App.swift; sourceTree = "<group>"; };
		DDB468CD2BED643E00F061D3 /* ContentView.swift */ = {isa = PBXFileReference; lastKnownFileType = sourcecode.swift; path = ContentView.swift; sourceTree = "<group>"; };
		DDB468D12BED644000F061D3 /* Assets.xcassets */ = {isa = PBXFileReference; lastKnownFileType = folder.assetcatalog; path = Assets.xcassets; sourceTree = "<group>"; };
		DDB468D32BED644000F061D3 /* Tickers2_0.entitlements */ = {isa = PBXFileReference; lastKnownFileType = text.plist.entitlements; path = Tickers2_0.entitlements; sourceTree = "<group>"; };
		DDB468D52BED644000F061D3 /* Preview Assets.xcassets */ = {isa = PBXFileReference; lastKnownFileType = folder.assetcatalog; path = "Preview Assets.xcassets"; sourceTree = "<group>"; };
		DDB468DB2BED644000F061D3 /* Tickers2.0Tests.xctest */ = {isa = PBXFileReference; explicitFileType = wrapper.cfbundle; includeInIndex = 0; path = Tickers2.0Tests.xctest; sourceTree = BUILT_PRODUCTS_DIR; };
		DDB468DF2BED644000F061D3 /* Tickers2_0Tests.swift */ = {isa = PBXFileReference; lastKnownFileType = sourcecode.swift; path = Tickers2_0Tests.swift; sourceTree = "<group>"; };
		DDB468E52BED644000F061D3 /* Tickers2.0UITests.xctest */ = {isa = PBXFileReference; explicitFileType = wrapper.cfbundle; includeInIndex = 0; path = Tickers2.0UITests.xctest; sourceTree = BUILT_PRODUCTS_DIR; };
		DDB468E92BED644000F061D3 /* Tickers2_0UITests.swift */ = {isa = PBXFileReference; lastKnownFileType = sourcecode.swift; path = Tickers2_0UITests.swift; sourceTree = "<group>"; };
		DDB468EB2BED644000F061D3 /* Tickers2_0UITestsLaunchTests.swift */ = {isa = PBXFileReference; lastKnownFileType = sourcecode.swift; path = Tickers2_0UITestsLaunchTests.swift; sourceTree = "<group>"; };
/* End PBXFileReference section */

/* Begin PBXFrameworksBuildPhase section */
		DDB468C52BED643E00F061D3 /* Frameworks */ = {
			isa = PBXFrameworksBuildPhase;
			buildActionMask = 2147483647;
			files = (
			);
			runOnlyForDeploymentPostprocessing = 0;
		};
		DDB468D82BED644000F061D3 /* Frameworks */ = {
			isa = PBXFrameworksBuildPhase;
			buildActionMask = 2147483647;
			files = (
			);
			runOnlyForDeploymentPostprocessing = 0;
		};
		DDB468E22BED644000F061D3 /* Frameworks */ = {
			isa = PBXFrameworksBuildPhase;
			buildActionMask = 2147483647;
			files = (
			);
			runOnlyForDeploymentPostprocessing = 0;
		};
/* End PBXFrameworksBuildPhase section */

/* Begin PBXGroup section */
		DDB468BF2BED643E00F061D3 = {
			isa = PBXGroup;
			children = (
				DDB468CA2BED643E00F061D3 /* Tickers2.0 */,
				DDB468DE2BED644000F061D3 /* Tickers2.0Tests */,
				DDB468E82BED644000F061D3 /* Tickers2.0UITests */,
				DDB468C92BED643E00F061D3 /* Products */,
			);
			sourceTree = "<group>";
		};
		DDB468C92BED643E00F061D3 /* Products */ = {
			isa = PBXGroup;
			children = (
				DDB468C82BED643E00F061D3 /* Tickers2.0.app */,
				DDB468DB2BED644000F061D3 /* Tickers2.0Tests.xctest */,
				DDB468E52BED644000F061D3 /* Tickers2.0UITests.xctest */,
			);
			name = Products;
			sourceTree = "<group>";
		};
		DDB468CA2BED643E00F061D3 /* Tickers2.0 */ = {
			isa = PBXGroup;
			children = (
				DDB468CB2BED643E00F061D3 /* Tickers2_0App.swift */,
				DDB468CD2BED643E00F061D3 /* ContentView.swift */,
				DDB468D12BED644000F061D3 /* Assets.xcassets */,
				DDB468D32BED644000F061D3 /* Tickers2_0.entitlements */,
				DDB468D42BED644000F061D3 /* Preview Content */,
			);
			path = Tickers2.0;
			sourceTree = "<group>";
		};
		DDB468D42BED644000F061D3 /* Preview Content */ = {
			isa = PBXGroup;
			children = (
				DDB468D52BED644000F061D3 /* Preview Assets.xcassets */,
			);
			path = "Preview Content";
			sourceTree = "<group>";
		};
		DDB468DE2BED644000F061D3 /* Tickers2.0Tests */ = {
			isa = PBXGroup;
			children = (
				DDB468DF2BED644000F061D3 /* Tickers2_0Tests.swift */,
			);
			path = Tickers2.0Tests;
			sourceTree = "<group>";
		};
		DDB468E82BED644000F061D3 /* Tickers2.0UITests */ = {
			isa = PBXGroup;
			children = (
				DDB468E92BED644000F061D3 /* Tickers2_0UITests.swift */,
				DDB468EB2BED644000F061D3 /* Tickers2_0UITestsLaunchTests.swift */,
			);
			path = Tickers2.0UITests;
			sourceTree = "<group>";
		};
/* End PBXGroup section */

/* Begin PBXNativeTarget section */
		DDB468C72BED643E00F061D3 /* Tickers2.0 */ = {
			isa = PBXNativeTarget;
			buildConfigurationList = DDB468EF2BED644000F061D3 /* Build configuration list for PBXNativeTarget "Tickers2.0" */;
			buildPhases = (
				DDB468C42BED643E00F061D3 /* Sources */,
				DDB468C52BED643E00F061D3 /* Frameworks */,
				DDB468C62BED643E00F061D3 /* Resources */,
			);
			buildRules = (
			);
			dependencies = (
			);
			name = Tickers2.0;
			productName = Tickers2.0;
			productReference = DDB468C82BED643E00F061D3 /* Tickers2.0.app */;
			productType = "com.apple.product-type.application";
		};
		DDB468DA2BED644000F061D3 /* Tickers2.0Tests */ = {
			isa = PBXNativeTarget;
			buildConfigurationList = DDB468F22BED644000F061D3 /* Build configuration list for PBXNativeTarget "Tickers2.0Tests" */;
			buildPhases = (
				DDB468D72BED644000F061D3 /* Sources */,
				DDB468D82BED644000F061D3 /* Frameworks */,
				DDB468D92BED644000F061D3 /* Resources */,
			);
			buildRules = (
			);
			dependencies = (
				DDB468DD2BED644000F061D3 /* PBXTargetDependency */,
			);
			name = Tickers2.0Tests;
			productName = Tickers2.0Tests;
			productReference = DDB468DB2BED644000F061D3 /* Tickers2.0Tests.xctest */;
			productType = "com.apple.product-type.bundle.unit-test";
		};
		DDB468E42BED644000F061D3 /* Tickers2.0UITests */ = {
			isa = PBXNativeTarget;
			buildConfigurationList = DDB468F52BED644000F061D3 /* Build configuration list for PBXNativeTarget "Tickers2.0UITests" */;
			buildPhases = (
				DDB468E12BED644000F061D3 /* Sources */,
				DDB468E22BED644000F061D3 /* Frameworks */,
				DDB468E32BED644000F061D3 /* Resources */,
			);
			buildRules = (
			);
			dependencies = (
				DDB468E72BED644000F061D3 /* PBXTargetDependency */,
			);
			name = Tickers2.0UITests;
			productName = Tickers2.0UITests;
			productReference = DDB468E52BED644000F061D3 /* Tickers2.0UITests.xctest */;
			productType = "com.apple.product-type.bundle.ui-testing";
		};
/* End PBXNativeTarget section */

/* Begin PBXProject section */
		DDB468C02BED643E00F061D3 /* Project object */ = {
			isa = PBXProject;
			attributes = {
				BuildIndependentTargetsInParallel = 1;
				LastSwiftUpdateCheck = 1530;
				LastUpgradeCheck = 1530;
				TargetAttributes = {
					DDB468C72BED643E00F061D3 = {
						CreatedOnToolsVersion = 15.3;
					};
					DDB468DA2BED644000F061D3 = {
						CreatedOnToolsVersion = 15.3;
						TestTargetID = DDB468C72BED643E00F061D3;
					};
					DDB468E42BED644000F061D3 = {
						CreatedOnToolsVersion = 15.3;
						TestTargetID = DDB468C72BED643E00F061D3;
					};
				};
			};
			buildConfigurationList = DDB468C32BED643E00F061D3 /* Build configuration list for PBXProject "Tickers2.0" */;
			compatibilityVersion = "Xcode 14.0";
			developmentRegion = en;
			hasScannedForEncodings = 0;
			knownRegions = (
				en,
				Base,
			);
			mainGroup = DDB468BF2BED643E00F061D3;
			productRefGroup = DDB468C92BED643E00F061D3 /* Products */;
			projectDirPath = "";
			projectRoot = "";
			targets = (
				DDB468C72BED643E00F061D3 /* Tickers2.0 */,
				DDB468DA2BED644000F061D3 /* Tickers2.0Tests */,
				DDB468E42BED644000F061D3 /* Tickers2.0UITests */,
			);
		};
/* End PBXProject section */

/* Begin PBXResourcesBuildPhase section */
		DDB468C62BED643E00F061D3 /* Resources */ = {
			isa = PBXResourcesBuildPhase;
			buildActionMask = 2147483647;
			files = (
				DDB468D62BED644000F061D3 /* Preview Assets.xcassets in Resources */,
				DDB468D22BED644000F061D3 /* Assets.xcassets in Resources */,
			);
			runOnlyForDeploymentPostprocessing = 0;
		};
		DDB468D92BED644000F061D3 /* Resources */ = {
			isa = PBXResourcesBuildPhase;
			buildActionMask = 2147483647;
			files = (
			);
			runOnlyForDeploymentPostprocessing = 0;
		};
		DDB468E32BED644000F061D3 /* Resources */ = {
			isa = PBXResourcesBuildPhase;
			buildActionMask = 2147483647;
			files = (
			);
			runOnlyForDeploymentPostprocessing = 0;
		};
/* End PBXResourcesBuildPhase section */

/* Begin PBXSourcesBuildPhase section */
		DDB468C42BED643E00F061D3 /* Sources */ = {
			isa = PBXSourcesBuildPhase;
			buildActionMask = 2147483647;
			files = (
				DDB468CE2BED643E00F061D3 /* ContentView.swift in Sources */,
				DDB468CC2BED643E00F061D3 /* Tickers2_0App.swift in Sources */,
			);
			runOnlyForDeploymentPostprocessing = 0;
		};
		DDB468D72BED644000F061D3 /* Sources */ = {
			isa = PBXSourcesBuildPhase;
			buildActionMask = 2147483647;
			files = (
				DDB468E02BED644000F061D3 /* Tickers2_0Tests.swift in Sources */,
			);
			runOnlyForDeploymentPostprocessing = 0;
		};
		DDB468E12BED644000F061D3 /* Sources */ = {
			isa = PBXSourcesBuildPhase;
			buildActionMask = 2147483647;
			files = (
				DDB468EC2BED644000F061D3 /* Tickers2_0UITestsLaunchTests.swift in Sources */,
				DDB468EA2BED644000F061D3 /* Tickers2_0UITests.swift in Sources */,
			);
			runOnlyForDeploymentPostprocessing = 0;
		};
/* End PBXSourcesBuildPhase section */

/* Begin PBXTargetDependency section */
		DDB468DD2BED644000F061D3 /* PBXTargetDependency */ = {
			isa = PBXTargetDependency;
			target = DDB468C72BED643E00F061D3 /* Tickers2.0 */;
			targetProxy = DDB468DC2BED644000F061D3 /* PBXContainerItemProxy */;
		};
		DDB468E72BED644000F061D3 /* PBXTargetDependency */ = {
			isa = PBXTargetDependency;
			target = DDB468C72BED643E00F061D3 /* Tickers2.0 */;
			targetProxy = DDB468E62BED644000F061D3 /* PBXContainerItemProxy */;
		};
/* End PBXTargetDependency section */

/* Begin XCBuildConfiguration section */
		DDB468ED2BED644000F061D3 /* Debug */ = {
			isa = XCBuildConfiguration;
			buildSettings = {
				ALWAYS_SEARCH_USER_PATHS = NO;
				ASSETCATALOG_COMPILER_GENERATE_SWIFT_ASSET_SYMBOL_EXTENSIONS = YES;
				CLANG_ANALYZER_NONNULL = YES;
				CLANG_ANALYZER_NUMBER_OBJECT_CONVERSION = YES_AGGRESSIVE;
				CLANG_CXX_LANGUAGE_STANDARD = "gnu++20";
				CLANG_ENABLE_MODULES = YES;
				CLANG_ENABLE_OBJC_ARC = YES;
				CLANG_ENABLE_OBJC_WEAK = YES;
				CLANG_WARN_BLOCK_CAPTURE_AUTORELEASING = YES;
				CLANG_WARN_BOOL_CONVERSION = YES;
				CLANG_WARN_COMMA = YES;
				CLANG_WARN_CONSTANT_CONVERSION = YES;
				CLANG_WARN_DEPRECATED_OBJC_IMPLEMENTATIONS = YES;
				CLANG_WARN_DIRECT_OBJC_ISA_USAGE = YES_ERROR;
				CLANG_WARN_DOCUMENTATION_COMMENTS = YES;
				CLANG_WARN_EMPTY_BODY = YES;
				CLANG_WARN_ENUM_CONVERSION = YES;
				CLANG_WARN_INFINITE_RECURSION = YES;
				CLANG_WARN_INT_CONVERSION = YES;
				CLANG_WARN_NON_LITERAL_NULL_CONVERSION = YES;
				CLANG_WARN_OBJC_IMPLICIT_RETAIN_SELF = YES;
				CLANG_WARN_OBJC_LITERAL_CONVERSION = YES;
				CLANG_WARN_OBJC_ROOT_CLASS = YES_ERROR;
				CLANG_WARN_QUOTED_INCLUDE_IN_FRAMEWORK_HEADER = YES;
				CLANG_WARN_RANGE_LOOP_ANALYSIS = YES;
				CLANG_WARN_STRICT_PROTOTYPES = YES;
				CLANG_WARN_SUSPICIOUS_MOVE = YES;
				CLANG_WARN_UNGUARDED_AVAILABILITY = YES_AGGRESSIVE;
				CLANG_WARN_UNREACHABLE_CODE = YES;
				CLANG_WARN__DUPLICATE_METHOD_MATCH = YES;
				COPY_PHASE_STRIP = NO;
				DEBUG_INFORMATION_FORMAT = dwarf;
				ENABLE_STRICT_OBJC_MSGSEND = YES;
				ENABLE_TESTABILITY = YES;
				ENABLE_USER_SCRIPT_SANDBOXING = YES;
				GCC_C_LANGUAGE_STANDARD = gnu17;
				GCC_DYNAMIC_NO_PIC = NO;
				GCC_NO_COMMON_BLOCKS = YES;
				GCC_OPTIMIZATION_LEVEL = 0;
				GCC_PREPROCESSOR_DEFINITIONS = (
					"DEBUG=1",
					"$(inherited)",
				);
				GCC_WARN_64_TO_32_BIT_CONVERSION = YES;
				GCC_WARN_ABOUT_RETURN_TYPE = YES_ERROR;
				GCC_WARN_UNDECLARED_SELECTOR = YES;
				GCC_WARN_UNINITIALIZED_AUTOS = YES_AGGRESSIVE;
				GCC_WARN_UNUSED_FUNCTION = YES;
				GCC_WARN_UNUSED_VARIABLE = YES;
				LOCALIZATION_PREFERS_STRING_CATALOGS = YES;
				MTL_ENABLE_DEBUG_INFO = INCLUDE_SOURCE;
				MTL_FAST_MATH = YES;
				ONLY_ACTIVE_ARCH = YES;
				SWIFT_ACTIVE_COMPILATION_CONDITIONS = "DEBUG $(inherited)";
				SWIFT_OPTIMIZATION_LEVEL = "-Onone";
			};
			name = Debug;
		};
		DDB468EE2BED644000F061D3 /* Release */ = {
			isa = XCBuildConfiguration;
			buildSettings = {
				ALWAYS_SEARCH_USER_PATHS = NO;
				ASSETCATALOG_COMPILER_GENERATE_SWIFT_ASSET_SYMBOL_EXTENSIONS = YES;
				CLANG_ANALYZER_NONNULL = YES;
				CLANG_ANALYZER_NUMBER_OBJECT_CONVERSION = YES_AGGRESSIVE;
				CLANG_CXX_LANGUAGE_STANDARD = "gnu++20";
				CLANG_ENABLE_MODULES = YES;
				CLANG_ENABLE_OBJC_ARC = YES;
				CLANG_ENABLE_OBJC_WEAK = YES;
				CLANG_WARN_BLOCK_CAPTURE_AUTORELEASING = YES;
				CLANG_WARN_BOOL_CONVERSION = YES;
				CLANG_WARN_COMMA = YES;
				CLANG_WARN_CONSTANT_CONVERSION = YES;
				CLANG_WARN_DEPRECATED_OBJC_IMPLEMENTATIONS = YES;
				CLANG_WARN_DIRECT_OBJC_ISA_USAGE = YES_ERROR;
				CLANG_WARN_DOCUMENTATION_COMMENTS = YES;
				CLANG_WARN_EMPTY_BODY = YES;
				CLANG_WARN_ENUM_CONVERSION = YES;
				CLANG_WARN_INFINITE_RECURSION = YES;
				CLANG_WARN_INT_CONVERSION = YES;
				CLANG_WARN_NON_LITERAL_NULL_CONVERSION = YES;
				CLANG_WARN_OBJC_IMPLICIT_RETAIN_SELF = YES;
				CLANG_WARN_OBJC_LITERAL_CONVERSION = YES;
				CLANG_WARN_OBJC_ROOT_CLASS = YES_ERROR;
				CLANG_WARN_QUOTED_INCLUDE_IN_FRAMEWORK_HEADER = YES;
				CLANG_WARN_RANGE_LOOP_ANALYSIS = YES;
				CLANG_WARN_STRICT_PROTOTYPES = YES;
				CLANG_WARN_SUSPICIOUS_MOVE = YES;
				CLANG_WARN_UNGUARDED_AVAILABILITY = YES_AGGRESSIVE;
				CLANG_WARN_UNREACHABLE_CODE = YES;
				CLANG_WARN__DUPLICATE_METHOD_MATCH = YES;
				COPY_PHASE_STRIP = NO;
				DEBUG_INFORMATION_FORMAT = "dwarf-with-dsym";
				ENABLE_NS_ASSERTIONS = NO;
				ENABLE_STRICT_OBJC_MSGSEND = YES;
				ENABLE_USER_SCRIPT_SANDBOXING = YES;
				GCC_C_LANGUAGE_STANDARD = gnu17;
				GCC_NO_COMMON_BLOCKS = YES;
				GCC_WARN_64_TO_32_BIT_CONVERSION = YES;
				GCC_WARN_ABOUT_RETURN_TYPE = YES_ERROR;
				GCC_WARN_UNDECLARED_SELECTOR = YES;
				GCC_WARN_UNINITIALIZED_AUTOS = YES_AGGRESSIVE;
				GCC_WARN_UNUSED_FUNCTION = YES;
				GCC_WARN_UNUSED_VARIABLE = YES;
				LOCALIZATION_PREFERS_STRING_CATALOGS = YES;
				MTL_ENABLE_DEBUG_INFO = NO;
				MTL_FAST_MATH = YES;
				SWIFT_COMPILATION_MODE = wholemodule;
			};
			name = Release;
		};
		DDB468F02BED644000F061D3 /* Debug */ = {
			isa = XCBuildConfiguration;
			buildSettings = {
				ASSETCATALOG_COMPILER_APPICON_NAME = AppIcon;
				ASSETCATALOG_COMPILER_GLOBAL_ACCENT_COLOR_NAME = AccentColor;
				CODE_SIGN_ENTITLEMENTS = Tickers2.0/Tickers2_0.entitlements;
				CODE_SIGN_STYLE = Automatic;
				CURRENT_PROJECT_VERSION = 1;
				DEVELOPMENT_ASSET_PATHS = "\"Tickers2.0/Preview Content\"";
				DEVELOPMENT_TEAM = ZGZHU6QZW7;
				ENABLE_HARDENED_RUNTIME = YES;
				ENABLE_PREVIEWS = YES;
				GENERATE_INFOPLIST_FILE = YES;
				"INFOPLIST_KEY_UIApplicationSceneManifest_Generation[sdk=iphoneos*]" = YES;
				"INFOPLIST_KEY_UIApplicationSceneManifest_Generation[sdk=iphonesimulator*]" = YES;
				"INFOPLIST_KEY_UIApplicationSupportsIndirectInputEvents[sdk=iphoneos*]" = YES;
				"INFOPLIST_KEY_UIApplicationSupportsIndirectInputEvents[sdk=iphonesimulator*]" = YES;
				"INFOPLIST_KEY_UILaunchScreen_Generation[sdk=iphoneos*]" = YES;
				"INFOPLIST_KEY_UILaunchScreen_Generation[sdk=iphonesimulator*]" = YES;
				"INFOPLIST_KEY_UIStatusBarStyle[sdk=iphoneos*]" = UIStatusBarStyleDefault;
				"INFOPLIST_KEY_UIStatusBarStyle[sdk=iphonesimulator*]" = UIStatusBarStyleDefault;
				INFOPLIST_KEY_UISupportedInterfaceOrientations_iPad = "UIInterfaceOrientationPortrait UIInterfaceOrientationPortraitUpsideDown UIInterfaceOrientationLandscapeLeft UIInterfaceOrientationLandscapeRight";
				INFOPLIST_KEY_UISupportedInterfaceOrientations_iPhone = "UIInterfaceOrientationPortrait UIInterfaceOrientationLandscapeLeft UIInterfaceOrientationLandscapeRight";
				IPHONEOS_DEPLOYMENT_TARGET = 17.4;
				LD_RUNPATH_SEARCH_PATHS = "@executable_path/Frameworks";
				"LD_RUNPATH_SEARCH_PATHS[sdk=macosx*]" = "@executable_path/../Frameworks";
				MACOSX_DEPLOYMENT_TARGET = 14.0;
				MARKETING_VERSION = 1.0;
				PRODUCT_BUNDLE_IDENTIFIER = "tickers.Tickers2-0";
				PRODUCT_NAME = "$(TARGET_NAME)";
				SDKROOT = auto;
				SUPPORTED_PLATFORMS = "iphoneos iphonesimulator macosx";
				SWIFT_EMIT_LOC_STRINGS = YES;
				SWIFT_VERSION = 5.0;
				TARGETED_DEVICE_FAMILY = "1,2";
			};
			name = Debug;
		};
		DDB468F12BED644000F061D3 /* Release */ = {
			isa = XCBuildConfiguration;
			buildSettings = {
				ASSETCATALOG_COMPILER_APPICON_NAME = AppIcon;
				ASSETCATALOG_COMPILER_GLOBAL_ACCENT_COLOR_NAME = AccentColor;
				CODE_SIGN_ENTITLEMENTS = Tickers2.0/Tickers2_0.entitlements;
				CODE_SIGN_STYLE = Automatic;
				CURRENT_PROJECT_VERSION = 1;
				DEVELOPMENT_ASSET_PATHS = "\"Tickers2.0/Preview Content\"";
				DEVELOPMENT_TEAM = ZGZHU6QZW7;
				ENABLE_HARDENED_RUNTIME = YES;
				ENABLE_PREVIEWS = YES;
				GENERATE_INFOPLIST_FILE = YES;
				"INFOPLIST_KEY_UIApplicationSceneManifest_Generation[sdk=iphoneos*]" = YES;
				"INFOPLIST_KEY_UIApplicationSceneManifest_Generation[sdk=iphonesimulator*]" = YES;
				"INFOPLIST_KEY_UIApplicationSupportsIndirectInputEvents[sdk=iphoneos*]" = YES;
				"INFOPLIST_KEY_UIApplicationSupportsIndirectInputEvents[sdk=iphonesimulator*]" = YES;
				"INFOPLIST_KEY_UILaunchScreen_Generation[sdk=iphoneos*]" = YES;
				"INFOPLIST_KEY_UILaunchScreen_Generation[sdk=iphonesimulator*]" = YES;
				"INFOPLIST_KEY_UIStatusBarStyle[sdk=iphoneos*]" = UIStatusBarStyleDefault;
				"INFOPLIST_KEY_UIStatusBarStyle[sdk=iphonesimulator*]" = UIStatusBarStyleDefault;
				INFOPLIST_KEY_UISupportedInterfaceOrientations_iPad = "UIInterfaceOrientationPortrait UIInterfaceOrientationPortraitUpsideDown UIInterfaceOrientationLandscapeLeft UIInterfaceOrientationLandscapeRight";
				INFOPLIST_KEY_UISupportedInterfaceOrientations_iPhone = "UIInterfaceOrientationPortrait UIInterfaceOrientationLandscapeLeft UIInterfaceOrientationLandscapeRight";
				IPHONEOS_DEPLOYMENT_TARGET = 17.4;
				LD_RUNPATH_SEARCH_PATHS = "@executable_path/Frameworks";
				"LD_RUNPATH_SEARCH_PATHS[sdk=macosx*]" = "@executable_path/../Frameworks";
				MACOSX_DEPLOYMENT_TARGET = 14.0;
				MARKETING_VERSION = 1.0;
				PRODUCT_BUNDLE_IDENTIFIER = "tickers.Tickers2-0";
				PRODUCT_NAME = "$(TARGET_NAME)";
				SDKROOT = auto;
				SUPPORTED_PLATFORMS = "iphoneos iphonesimulator macosx";
				SWIFT_EMIT_LOC_STRINGS = YES;
				SWIFT_VERSION = 5.0;
				TARGETED_DEVICE_FAMILY = "1,2";
			};
			name = Release;
		};
		DDB468F32BED644000F061D3 /* Debug */ = {
			isa = XCBuildConfiguration;
			buildSettings = {
				ALWAYS_EMBED_SWIFT_STANDARD_LIBRARIES = YES;
				BUNDLE_LOADER = "$(TEST_HOST)";
				CODE_SIGN_STYLE = Automatic;
				CURRENT_PROJECT_VERSION = 1;
				DEVELOPMENT_TEAM = ZGZHU6QZW7;
				GENERATE_INFOPLIST_FILE = YES;
				IPHONEOS_DEPLOYMENT_TARGET = 17.4;
				MACOSX_DEPLOYMENT_TARGET = 14.4;
				MARKETING_VERSION = 1.0;
				PRODUCT_BUNDLE_IDENTIFIER = "tickers.Tickers2-0Tests";
				PRODUCT_NAME = "$(TARGET_NAME)";
				SDKROOT = auto;
				SUPPORTED_PLATFORMS = "iphoneos iphonesimulator macosx";
				SWIFT_EMIT_LOC_STRINGS = NO;
				SWIFT_VERSION = 5.0;
				TARGETED_DEVICE_FAMILY = "1,2";
				TEST_HOST = "$(BUILT_PRODUCTS_DIR)/Tickers2.0.app/$(BUNDLE_EXECUTABLE_FOLDER_PATH)/Tickers2.0";
			};
			name = Debug;
		};
		DDB468F42BED644000F061D3 /* Release */ = {
			isa = XCBuildConfiguration;
			buildSettings = {
				ALWAYS_EMBED_SWIFT_STANDARD_LIBRARIES = YES;
				BUNDLE_LOADER = "$(TEST_HOST)";
				CODE_SIGN_STYLE = Automatic;
				CURRENT_PROJECT_VERSION = 1;
				DEVELOPMENT_TEAM = ZGZHU6QZW7;
				GENERATE_INFOPLIST_FILE = YES;
				IPHONEOS_DEPLOYMENT_TARGET = 17.4;
				MACOSX_DEPLOYMENT_TARGET = 14.4;
				MARKETING_VERSION = 1.0;
				PRODUCT_BUNDLE_IDENTIFIER = "tickers.Tickers2-0Tests";
				PRODUCT_NAME = "$(TARGET_NAME)";
				SDKROOT = auto;
				SUPPORTED_PLATFORMS = "iphoneos iphonesimulator macosx";
				SWIFT_EMIT_LOC_STRINGS = NO;
				SWIFT_VERSION = 5.0;
				TARGETED_DEVICE_FAMILY = "1,2";
				TEST_HOST = "$(BUILT_PRODUCTS_DIR)/Tickers2.0.app/$(BUNDLE_EXECUTABLE_FOLDER_PATH)/Tickers2.0";
			};
			name = Release;
		};
		DDB468F62BED644000F061D3 /* Debug */ = {
			isa = XCBuildConfiguration;
			buildSettings = {
				ALWAYS_EMBED_SWIFT_STANDARD_LIBRARIES = YES;
				CODE_SIGN_STYLE = Automatic;
				CURRENT_PROJECT_VERSION = 1;
				DEVELOPMENT_TEAM = ZGZHU6QZW7;
				GENERATE_INFOPLIST_FILE = YES;
				IPHONEOS_DEPLOYMENT_TARGET = 17.4;
				MACOSX_DEPLOYMENT_TARGET = 14.4;
				MARKETING_VERSION = 1.0;
				PRODUCT_BUNDLE_IDENTIFIER = "tickers.Tickers2-0UITests";
				PRODUCT_NAME = "$(TARGET_NAME)";
				SDKROOT = auto;
				SUPPORTED_PLATFORMS = "iphoneos iphonesimulator macosx";
				SWIFT_EMIT_LOC_STRINGS = NO;
				SWIFT_VERSION = 5.0;
				TARGETED_DEVICE_FAMILY = "1,2";
				TEST_TARGET_NAME = Tickers2.0;
			};
			name = Debug;
		};
		DDB468F72BED644000F061D3 /* Release */ = {
			isa = XCBuildConfiguration;
			buildSettings = {
				ALWAYS_EMBED_SWIFT_STANDARD_LIBRARIES = YES;
				CODE_SIGN_STYLE = Automatic;
				CURRENT_PROJECT_VERSION = 1;
				DEVELOPMENT_TEAM = ZGZHU6QZW7;
				GENERATE_INFOPLIST_FILE = YES;
				IPHONEOS_DEPLOYMENT_TARGET = 17.4;
				MACOSX_DEPLOYMENT_TARGET = 14.4;
				MARKETING_VERSION = 1.0;
				PRODUCT_BUNDLE_IDENTIFIER = "tickers.Tickers2-0UITests";
				PRODUCT_NAME = "$(TARGET_NAME)";
				SDKROOT = auto;
				SUPPORTED_PLATFORMS = "iphoneos iphonesimulator macosx";
				SWIFT_EMIT_LOC_STRINGS = NO;
				SWIFT_VERSION = 5.0;
				TARGETED_DEVICE_FAMILY = "1,2";
				TEST_TARGET_NAME = Tickers2.0;
			};
			name = Release;
		};
/* End XCBuildConfiguration section */

/* Begin XCConfigurationList section */
		DDB468C32BED643E00F061D3 /* Build configuration list for PBXProject "Tickers2.0" */ = {
			isa = XCConfigurationList;
			buildConfigurations = (
				DDB468ED2BED644000F061D3 /* Debug */,
				DDB468EE2BED644000F061D3 /* Release */,
			);
			defaultConfigurationIsVisible = 0;
			defaultConfigurationName = Release;
		};
		DDB468EF2BED644000F061D3 /* Build configuration list for PBXNativeTarget "Tickers2.0" */ = {
			isa = XCConfigurationList;
			buildConfigurations = (
				DDB468F02BED644000F061D3 /* Debug */,
				DDB468F12BED644000F061D3 /* Release */,
			);
			defaultConfigurationIsVisible = 0;
			defaultConfigurationName = Release;
		};
		DDB468F22BED644000F061D3 /* Build configuration list for PBXNativeTarget "Tickers2.0Tests" */ = {
			isa = XCConfigurationList;
			buildConfigurations = (
				DDB468F32BED644000F061D3 /* Debug */,
				DDB468F42BED644000F061D3 /* Release */,
			);
			defaultConfigurationIsVisible = 0;
			defaultConfigurationName = Release;
		};
		DDB468F52BED644000F061D3 /* Build configuration list for PBXNativeTarget "Tickers2.0UITests" */ = {
			isa = XCConfigurationList;
			buildConfigurations = (
				DDB468F62BED644000F061D3 /* Debug */,
				DDB468F72BED644000F061D3 /* Release */,
			);
			defaultConfigurationIsVisible = 0;
			defaultConfigurationName = Release;
		};
/* End XCConfigurationList section */
	};
	rootObject = DDB468C02BED643E00F061D3 /* Project object */;
}
